
Microsoft Visual Studio Solution File, Format Version 12.00
# Visual Studio Version 17
VisualStudioVersion = 17.9.34607.119
MinimumVisualStudioVersion = 10.0.40219.1
Project("{9A19103F-16F7-4668-BE54-9A1E7A4F7556}") = "Radzen.Blazor", "Radzen.Blazor\Radzen.Blazor.csproj", "{65EE0A95-2C81-4D97-95EE-6CA93930F1B8}"
EndProject
Project("{9A19103F-16F7-4668-BE54-9A1E7A4F7556}") = "custos.API", "Custos.API\custos.API.csproj", "{21AA0F83-116E-4B1C-80E9-A0498AA58CFF}"
EndProject
Project("{9A19103F-16F7-4668-BE54-9A1E7A4F7556}") = "custos.DAL", "Custos.DAL\custos.DAL.csproj", "{9F382D29-5C60-48BE-96D4-F31BA2B0B626}"
EndProject
Project("{9A19103F-16F7-4668-BE54-9A1E7A4F7556}") = "custos.Models", "custos.Models\custos.Models.csproj", "{35BE3A7E-EDF2-4FE4-83C0-A5CBDEBCEC23}"
EndProject
Project("{9A19103F-16F7-4668-BE54-9A1E7A4F7556}") = "custos.Web", "Custos.Web\custos.Web.csproj", "{075BEC70-3546-4B0F-8268-4B19BB008782}"
EndProject
Global
	GlobalSection(SolutionConfigurationPlatforms) = preSolution
		Debug|Any CPU = Debug|Any CPU
		Release|Any CPU = Release|Any CPU
	EndGlobalSection
	GlobalSection(ProjectConfigurationPlatforms) = postSolution
		{65EE0A95-2C81-4D97-95EE-6CA93930F1B8}.Debug|Any CPU.ActiveCfg = Debug|Any CPU
		{65EE0A95-2C81-4D97-95EE-6CA93930F1B8}.Debug|Any CPU.Build.0 = Debug|Any CPU
		{65EE0A95-2C81-4D97-95EE-6CA93930F1B8}.Release|Any CPU.ActiveCfg = Release|Any CPU
		{65EE0A95-2C81-4D97-95EE-6CA93930F1B8}.Release|Any CPU.Build.0 = Release|Any CPU
		{21AA0F83-116E-4B1C-80E9-A0498AA58CFF}.Debug|Any CPU.ActiveCfg = Debug|Any CPU
		{21AA0F83-116E-4B1C-80E9-A0498AA58CFF}.Debug|Any CPU.Build.0 = Debug|Any CPU
		{21AA0F83-116E-4B1C-80E9-A0498AA58CFF}.Release|Any CPU.ActiveCfg = Release|Any CPU
		{21AA0F83-116E-4B1C-80E9-A0498AA58CFF}.Release|Any CPU.Build.0 = Release|Any CPU
		{9F382D29-5C60-48BE-96D4-F31BA2B0B626}.Debug|Any CPU.ActiveCfg = Debug|Any CPU
		{9F382D29-5C60-48BE-96D4-F31BA2B0B626}.Debug|Any CPU.Build.0 = Debug|Any CPU
		{9F382D29-5C60-48BE-96D4-F31BA2B0B626}.Release|Any CPU.ActiveCfg = Release|Any CPU
		{9F382D29-5C60-48BE-96D4-F31BA2B0B626}.Release|Any CPU.Build.0 = Release|Any CPU
		{35BE3A7E-EDF2-4FE4-83C0-A5CBDEBCEC23}.Debug|Any CPU.ActiveCfg = Debug|Any CPU
		{35BE3A7E-EDF2-4FE4-83C0-A5CBDEBCEC23}.Debug|Any CPU.Build.0 = Debug|Any CPU
		{35BE3A7E-EDF2-4FE4-83C0-A5CBDEBCEC23}.Release|Any CPU.ActiveCfg = Release|Any CPU
		{35BE3A7E-EDF2-4FE4-83C0-A5CBDEBCEC23}.Release|Any CPU.Build.0 = Release|Any CPU
		{075BEC70-3546-4B0F-8268-4B19BB008782}.Debug|Any CPU.ActiveCfg = Debug|Any CPU
		{075BEC70-3546-4B0F-8268-4B19BB008782}.Debug|Any CPU.Build.0 = Debug|Any CPU
		{075BEC70-3546-4B0F-8268-4B19BB008782}.Release|Any CPU.ActiveCfg = Release|Any CPU
		{075BEC70-3546-4B0F-8268-4B19BB008782}.Release|Any CPU.Build.0 = Release|Any CPU
	EndGlobalSection
	GlobalSection(SolutionProperties) = preSolution
		HideSolutionNode = FALSE
	EndGlobalSection
	GlobalSection(ExtensibilityGlobals) = postSolution
		SolutionGuid = {448498A9-ABA5-46AA-BBBF-7CA4B24DC838}
	EndGlobalSection
EndGlobal
